// !$*UTF8*$!
{
	archiveVersion = 1;
	classes = {
	};
	objectVersion = 56;
	objects = {

/* Begin PBXBuildFile section */
		03C1A799BD77907A0EFBF1B5 /* Pods_Twitter_TwitterUITests.framework in Frameworks */ = {isa = PBXBuildFile; fileRef = 5379C9908AAA41E083A94337 /* Pods_Twitter_TwitterUITests.framework */; };
		715EC88B5A29E4B430BF2985 /* Pods_Twitter.framework in Frameworks */ = {isa = PBXBuildFile; fileRef = E33C2E4BB6D83E39F5E98637 /* Pods_Twitter.framework */; };
		E91905252AEF4C3400C1407A /* TwitterApp.swift in Sources */ = {isa = PBXBuildFile; fileRef = E91905242AEF4C3400C1407A /* TwitterApp.swift */; };
		E91905272AEF4C3400C1407A /* ContentView.swift in Sources */ = {isa = PBXBuildFile; fileRef = E91905262AEF4C3400C1407A /* ContentView.swift */; };
		E91905292AEF4C3700C1407A /* Assets.xcassets in Resources */ = {isa = PBXBuildFile; fileRef = E91905282AEF4C3700C1407A /* Assets.xcassets */; };
		E919052C2AEF4C3700C1407A /* Preview Assets.xcassets in Resources */ = {isa = PBXBuildFile; fileRef = E919052B2AEF4C3700C1407A /* Preview Assets.xcassets */; };
		E91905362AEF4C3800C1407A /* TwitterTests.swift in Sources */ = {isa = PBXBuildFile; fileRef = E91905352AEF4C3800C1407A /* TwitterTests.swift */; };
		E91905402AEF4C3800C1407A /* TwitterUITests.swift in Sources */ = {isa = PBXBuildFile; fileRef = E919053F2AEF4C3800C1407A /* TwitterUITests.swift */; };
		E91905422AEF4C3800C1407A /* TwitterUITestsLaunchTests.swift in Sources */ = {isa = PBXBuildFile; fileRef = E91905412AEF4C3800C1407A /* TwitterUITestsLaunchTests.swift */; };
		E91905562AEF4DD100C1407A /* BaseViewModel.swift in Sources */ = {isa = PBXBuildFile; fileRef = E91905552AEF4DD100C1407A /* BaseViewModel.swift */; };
		E91905582AEF4E1600C1407A /* BaseRespository.swift in Sources */ = {isa = PBXBuildFile; fileRef = E91905572AEF4E1600C1407A /* BaseRespository.swift */; };
		E919055A2AEF4E4A00C1407A /* BaseService.swift in Sources */ = {isa = PBXBuildFile; fileRef = E91905592AEF4E4A00C1407A /* BaseService.swift */; };
		E919055E2AEF4EE800C1407A /* HomeView.swift in Sources */ = {isa = PBXBuildFile; fileRef = E919055D2AEF4EE800C1407A /* HomeView.swift */; };
		E91905602AEF523700C1407A /* MyProfileData.swift in Sources */ = {isa = PBXBuildFile; fileRef = E919055F2AEF523700C1407A /* MyProfileData.swift */; };
		E91905622AEF52D900C1407A /* PostData.swift in Sources */ = {isa = PBXBuildFile; fileRef = E91905612AEF52D900C1407A /* PostData.swift */; };
		E91905642AEF551300C1407A /* PostView.swift in Sources */ = {isa = PBXBuildFile; fileRef = E91905632AEF551300C1407A /* PostView.swift */; };
		E91905672AEF5B1700C1407A /* Image.swift in Sources */ = {isa = PBXBuildFile; fileRef = E91905662AEF5B1700C1407A /* Image.swift */; };
		E91905692AEF76A300C1407A /* UIScreenDimensions.swift in Sources */ = {isa = PBXBuildFile; fileRef = E91905682AEF76A300C1407A /* UIScreenDimensions.swift */; };
		E919056B2AEF941700C1407A /* PostViewDummy.swift in Sources */ = {isa = PBXBuildFile; fileRef = E919056A2AEF941700C1407A /* PostViewDummy.swift */; };
		E919056D2AEFADB100C1407A /* HomeViewModel.swift in Sources */ = {isa = PBXBuildFile; fileRef = E919056C2AEFADB100C1407A /* HomeViewModel.swift */; };
		E919056F2AEFBAB800C1407A /* Text.swift in Sources */ = {isa = PBXBuildFile; fileRef = E919056E2AEFBAB800C1407A /* Text.swift */; };
		F0010B6330B92E716D3ADEF9 /* Pods_TwitterTests.framework in Frameworks */ = {isa = PBXBuildFile; fileRef = 5E3883CA17B975C61CEFB0CF /* Pods_TwitterTests.framework */; };
/* End PBXBuildFile section */

/* Begin PBXContainerItemProxy section */
		E91905322AEF4C3800C1407A /* PBXContainerItemProxy */ = {
			isa = PBXContainerItemProxy;
			containerPortal = E91905192AEF4C3300C1407A /* Project object */;
			proxyType = 1;
			remoteGlobalIDString = E91905202AEF4C3400C1407A;
			remoteInfo = Twitter;
		};
		E919053C2AEF4C3800C1407A /* PBXContainerItemProxy */ = {
			isa = PBXContainerItemProxy;
			containerPortal = E91905192AEF4C3300C1407A /* Project object */;
			proxyType = 1;
			remoteGlobalIDString = E91905202AEF4C3400C1407A;
			remoteInfo = Twitter;
		};
/* End PBXContainerItemProxy section */

/* Begin PBXFileReference section */
		010236116AB8C2F7D4AF83DB /* Pods-Twitter.debug.xcconfig */ = {isa = PBXFileReference; includeInIndex = 1; lastKnownFileType = text.xcconfig; name = "Pods-Twitter.debug.xcconfig"; path = "Target Support Files/Pods-Twitter/Pods-Twitter.debug.xcconfig"; sourceTree = "<group>"; };
		0E32CFD9C9C37742D8D285FF /* Pods-Twitter-TwitterUITests.debug.xcconfig */ = {isa = PBXFileReference; includeInIndex = 1; lastKnownFileType = text.xcconfig; name = "Pods-Twitter-TwitterUITests.debug.xcconfig"; path = "Target Support Files/Pods-Twitter-TwitterUITests/Pods-Twitter-TwitterUITests.debug.xcconfig"; sourceTree = "<group>"; };
		455CC6F74AFFF2707C436C6E /* Pods-Twitter-TwitterUITests.release.xcconfig */ = {isa = PBXFileReference; includeInIndex = 1; lastKnownFileType = text.xcconfig; name = "Pods-Twitter-TwitterUITests.release.xcconfig"; path = "Target Support Files/Pods-Twitter-TwitterUITests/Pods-Twitter-TwitterUITests.release.xcconfig"; sourceTree = "<group>"; };
		5379C9908AAA41E083A94337 /* Pods_Twitter_TwitterUITests.framework */ = {isa = PBXFileReference; explicitFileType = wrapper.framework; includeInIndex = 0; path = Pods_Twitter_TwitterUITests.framework; sourceTree = BUILT_PRODUCTS_DIR; };
		5E3883CA17B975C61CEFB0CF /* Pods_TwitterTests.framework */ = {isa = PBXFileReference; explicitFileType = wrapper.framework; includeInIndex = 0; path = Pods_TwitterTests.framework; sourceTree = BUILT_PRODUCTS_DIR; };
		98211C391E36684A0B90E01B /* Pods-TwitterTests.release.xcconfig */ = {isa = PBXFileReference; includeInIndex = 1; lastKnownFileType = text.xcconfig; name = "Pods-TwitterTests.release.xcconfig"; path = "Target Support Files/Pods-TwitterTests/Pods-TwitterTests.release.xcconfig"; sourceTree = "<group>"; };
		A5B4AED7808E2ADB2402E959 /* Pods-TwitterTests.debug.xcconfig */ = {isa = PBXFileReference; includeInIndex = 1; lastKnownFileType = text.xcconfig; name = "Pods-TwitterTests.debug.xcconfig"; path = "Target Support Files/Pods-TwitterTests/Pods-TwitterTests.debug.xcconfig"; sourceTree = "<group>"; };
		AADAC3C047F5EBD5E8A87760 /* Pods-Twitter.release.xcconfig */ = {isa = PBXFileReference; includeInIndex = 1; lastKnownFileType = text.xcconfig; name = "Pods-Twitter.release.xcconfig"; path = "Target Support Files/Pods-Twitter/Pods-Twitter.release.xcconfig"; sourceTree = "<group>"; };
		E33C2E4BB6D83E39F5E98637 /* Pods_Twitter.framework */ = {isa = PBXFileReference; explicitFileType = wrapper.framework; includeInIndex = 0; path = Pods_Twitter.framework; sourceTree = BUILT_PRODUCTS_DIR; };
		E91905212AEF4C3400C1407A /* Twitter.app */ = {isa = PBXFileReference; explicitFileType = wrapper.application; includeInIndex = 0; path = Twitter.app; sourceTree = BUILT_PRODUCTS_DIR; };
		E91905242AEF4C3400C1407A /* TwitterApp.swift */ = {isa = PBXFileReference; lastKnownFileType = sourcecode.swift; path = TwitterApp.swift; sourceTree = "<group>"; };
		E91905262AEF4C3400C1407A /* ContentView.swift */ = {isa = PBXFileReference; lastKnownFileType = sourcecode.swift; path = ContentView.swift; sourceTree = "<group>"; };
		E91905282AEF4C3700C1407A /* Assets.xcassets */ = {isa = PBXFileReference; lastKnownFileType = folder.assetcatalog; path = Assets.xcassets; sourceTree = "<group>"; };
		E919052B2AEF4C3700C1407A /* Preview Assets.xcassets */ = {isa = PBXFileReference; lastKnownFileType = folder.assetcatalog; path = "Preview Assets.xcassets"; sourceTree = "<group>"; };
		E91905312AEF4C3800C1407A /* TwitterTests.xctest */ = {isa = PBXFileReference; explicitFileType = wrapper.cfbundle; includeInIndex = 0; path = TwitterTests.xctest; sourceTree = BUILT_PRODUCTS_DIR; };
		E91905352AEF4C3800C1407A /* TwitterTests.swift */ = {isa = PBXFileReference; lastKnownFileType = sourcecode.swift; path = TwitterTests.swift; sourceTree = "<group>"; };
		E919053B2AEF4C3800C1407A /* TwitterUITests.xctest */ = {isa = PBXFileReference; explicitFileType = wrapper.cfbundle; includeInIndex = 0; path = TwitterUITests.xctest; sourceTree = BUILT_PRODUCTS_DIR; };
		E919053F2AEF4C3800C1407A /* TwitterUITests.swift */ = {isa = PBXFileReference; lastKnownFileType = sourcecode.swift; path = TwitterUITests.swift; sourceTree = "<group>"; };
		E91905412AEF4C3800C1407A /* TwitterUITestsLaunchTests.swift */ = {isa = PBXFileReference; lastKnownFileType = sourcecode.swift; path = TwitterUITestsLaunchTests.swift; sourceTree = "<group>"; };
		E91905552AEF4DD100C1407A /* BaseViewModel.swift */ = {isa = PBXFileReference; lastKnownFileType = sourcecode.swift; path = BaseViewModel.swift; sourceTree = "<group>"; };
		E91905572AEF4E1600C1407A /* BaseRespository.swift */ = {isa = PBXFileReference; lastKnownFileType = sourcecode.swift; path = BaseRespository.swift; sourceTree = "<group>"; };
		E91905592AEF4E4A00C1407A /* BaseService.swift */ = {isa = PBXFileReference; lastKnownFileType = sourcecode.swift; path = BaseService.swift; sourceTree = "<group>"; };
		E919055D2AEF4EE800C1407A /* HomeView.swift */ = {isa = PBXFileReference; lastKnownFileType = sourcecode.swift; path = HomeView.swift; sourceTree = "<group>"; };
		E919055F2AEF523700C1407A /* MyProfileData.swift */ = {isa = PBXFileReference; lastKnownFileType = sourcecode.swift; path = MyProfileData.swift; sourceTree = "<group>"; };
		E91905612AEF52D900C1407A /* PostData.swift */ = {isa = PBXFileReference; lastKnownFileType = sourcecode.swift; path = PostData.swift; sourceTree = "<group>"; };
		E91905632AEF551300C1407A /* PostView.swift */ = {isa = PBXFileReference; lastKnownFileType = sourcecode.swift; path = PostView.swift; sourceTree = "<group>"; };
		E91905662AEF5B1700C1407A /* Image.swift */ = {isa = PBXFileReference; lastKnownFileType = sourcecode.swift; path = Image.swift; sourceTree = "<group>"; };
		E91905682AEF76A300C1407A /* UIScreenDimensions.swift */ = {isa = PBXFileReference; lastKnownFileType = sourcecode.swift; path = UIScreenDimensions.swift; sourceTree = "<group>"; };
		E919056A2AEF941700C1407A /* PostViewDummy.swift */ = {isa = PBXFileReference; lastKnownFileType = sourcecode.swift; path = PostViewDummy.swift; sourceTree = "<group>"; };
		E919056C2AEFADB100C1407A /* HomeViewModel.swift */ = {isa = PBXFileReference; lastKnownFileType = sourcecode.swift; path = HomeViewModel.swift; sourceTree = "<group>"; };
		E919056E2AEFBAB800C1407A /* Text.swift */ = {isa = PBXFileReference; lastKnownFileType = sourcecode.swift; path = Text.swift; sourceTree = "<group>"; };
/* End PBXFileReference section */

/* Begin PBXFrameworksBuildPhase section */
		E919051E2AEF4C3400C1407A /* Frameworks */ = {
			isa = PBXFrameworksBuildPhase;
			buildActionMask = 2147483647;
			files = (
				715EC88B5A29E4B430BF2985 /* Pods_Twitter.framework in Frameworks */,
			);
			runOnlyForDeploymentPostprocessing = 0;
		};
		E919052E2AEF4C3800C1407A /* Frameworks */ = {
			isa = PBXFrameworksBuildPhase;
			buildActionMask = 2147483647;
			files = (
				F0010B6330B92E716D3ADEF9 /* Pods_TwitterTests.framework in Frameworks */,
			);
			runOnlyForDeploymentPostprocessing = 0;
		};
		E91905382AEF4C3800C1407A /* Frameworks */ = {
			isa = PBXFrameworksBuildPhase;
			buildActionMask = 2147483647;
			files = (
				03C1A799BD77907A0EFBF1B5 /* Pods_Twitter_TwitterUITests.framework in Frameworks */,
			);
			runOnlyForDeploymentPostprocessing = 0;
		};
/* End PBXFrameworksBuildPhase section */

/* Begin PBXGroup section */
		1B66C323FE06A0023E48D7B0 /* Frameworks */ = {
			isa = PBXGroup;
			children = (
				E33C2E4BB6D83E39F5E98637 /* Pods_Twitter.framework */,
				5379C9908AAA41E083A94337 /* Pods_Twitter_TwitterUITests.framework */,
				5E3883CA17B975C61CEFB0CF /* Pods_TwitterTests.framework */,
			);
			name = Frameworks;
			sourceTree = "<group>";
		};
		A7AB6AF15616F05DADD26FAD /* Pods */ = {
			isa = PBXGroup;
			children = (
				010236116AB8C2F7D4AF83DB /* Pods-Twitter.debug.xcconfig */,
				AADAC3C047F5EBD5E8A87760 /* Pods-Twitter.release.xcconfig */,
				0E32CFD9C9C37742D8D285FF /* Pods-Twitter-TwitterUITests.debug.xcconfig */,
				455CC6F74AFFF2707C436C6E /* Pods-Twitter-TwitterUITests.release.xcconfig */,
				A5B4AED7808E2ADB2402E959 /* Pods-TwitterTests.debug.xcconfig */,
				98211C391E36684A0B90E01B /* Pods-TwitterTests.release.xcconfig */,
			);
			name = Pods;
			path = Pods;
			sourceTree = "<group>";
		};
		E91905182AEF4C3300C1407A = {
			isa = PBXGroup;
			children = (
				E91905232AEF4C3400C1407A /* Twitter */,
				E91905342AEF4C3800C1407A /* TwitterTests */,
				E919053E2AEF4C3800C1407A /* TwitterUITests */,
				E91905222AEF4C3400C1407A /* Products */,
				A7AB6AF15616F05DADD26FAD /* Pods */,
				1B66C323FE06A0023E48D7B0 /* Frameworks */,
			);
			sourceTree = "<group>";
		};
		E91905222AEF4C3400C1407A /* Products */ = {
			isa = PBXGroup;
			children = (
				E91905212AEF4C3400C1407A /* Twitter.app */,
				E91905312AEF4C3800C1407A /* TwitterTests.xctest */,
				E919053B2AEF4C3800C1407A /* TwitterUITests.xctest */,
			);
			name = Products;
			sourceTree = "<group>";
		};
		E91905232AEF4C3400C1407A /* Twitter */ = {
			isa = PBXGroup;
			children = (
				E91905652AEF5AEF00C1407A /* Utilities */,
				E91905522AEF4D5D00C1407A /* Models */,
				E91905512AEF4D4600C1407A /* ViewModels */,
				E91905502AEF4D1600C1407A /* Views */,
				E91905542AEF4D7800C1407A /* Services */,
				E91905532AEF4D6B00C1407A /* Repository */,
				E91905242AEF4C3400C1407A /* TwitterApp.swift */,
				E91905262AEF4C3400C1407A /* ContentView.swift */,
				E91905282AEF4C3700C1407A /* Assets.xcassets */,
				E919052A2AEF4C3700C1407A /* Preview Content */,
			);
			path = Twitter;
			sourceTree = "<group>";
		};
		E919052A2AEF4C3700C1407A /* Preview Content */ = {
			isa = PBXGroup;
			children = (
				E919052B2AEF4C3700C1407A /* Preview Assets.xcassets */,
			);
			path = "Preview Content";
			sourceTree = "<group>";
		};
		E91905342AEF4C3800C1407A /* TwitterTests */ = {
			isa = PBXGroup;
			children = (
				E91905352AEF4C3800C1407A /* TwitterTests.swift */,
			);
			path = TwitterTests;
			sourceTree = "<group>";
		};
		E919053E2AEF4C3800C1407A /* TwitterUITests */ = {
			isa = PBXGroup;
			children = (
				E919053F2AEF4C3800C1407A /* TwitterUITests.swift */,
				E91905412AEF4C3800C1407A /* TwitterUITestsLaunchTests.swift */,
			);
			path = TwitterUITests;
			sourceTree = "<group>";
		};
		E91905502AEF4D1600C1407A /* Views */ = {
			isa = PBXGroup;
			children = (
				E919055D2AEF4EE800C1407A /* HomeView.swift */,
				E91905632AEF551300C1407A /* PostView.swift */,
				E919056A2AEF941700C1407A /* PostViewDummy.swift */,
			);
			path = Views;
			sourceTree = "<group>";
		};
		E91905512AEF4D4600C1407A /* ViewModels */ = {
			isa = PBXGroup;
			children = (
				E91905552AEF4DD100C1407A /* BaseViewModel.swift */,
				E919056C2AEFADB100C1407A /* HomeViewModel.swift */,
			);
			path = ViewModels;
			sourceTree = "<group>";
		};
		E91905522AEF4D5D00C1407A /* Models */ = {
			isa = PBXGroup;
			children = (
				E919055F2AEF523700C1407A /* MyProfileData.swift */,
				E91905612AEF52D900C1407A /* PostData.swift */,
			);
			path = Models;
			sourceTree = "<group>";
		};
		E91905532AEF4D6B00C1407A /* Repository */ = {
			isa = PBXGroup;
			children = (
				E91905572AEF4E1600C1407A /* BaseRespository.swift */,
			);
			path = Repository;
			sourceTree = "<group>";
		};
		E91905542AEF4D7800C1407A /* Services */ = {
			isa = PBXGroup;
			children = (
				E91905592AEF4E4A00C1407A /* BaseService.swift */,
			);
			path = Services;
			sourceTree = "<group>";
		};
		E91905652AEF5AEF00C1407A /* Utilities */ = {
			isa = PBXGroup;
			children = (
				E91905662AEF5B1700C1407A /* Image.swift */,
				E91905682AEF76A300C1407A /* UIScreenDimensions.swift */,
				E919056E2AEFBAB800C1407A /* Text.swift */,
			);
			path = Utilities;
			sourceTree = "<group>";
		};
/* End PBXGroup section */

/* Begin PBXNativeTarget section */
		E91905202AEF4C3400C1407A /* Twitter */ = {
			isa = PBXNativeTarget;
			buildConfigurationList = E91905452AEF4C3800C1407A /* Build configuration list for PBXNativeTarget "Twitter" */;
			buildPhases = (
				D26D419DE5747B46C1007881 /* [CP] Check Pods Manifest.lock */,
				E919051D2AEF4C3400C1407A /* Sources */,
				E919051E2AEF4C3400C1407A /* Frameworks */,
				E919051F2AEF4C3400C1407A /* Resources */,
			);
			buildRules = (
			);
			dependencies = (
			);
			name = Twitter;
			productName = Twitter;
			productReference = E91905212AEF4C3400C1407A /* Twitter.app */;
			productType = "com.apple.product-type.application";
		};
		E91905302AEF4C3800C1407A /* TwitterTests */ = {
			isa = PBXNativeTarget;
			buildConfigurationList = E91905482AEF4C3800C1407A /* Build configuration list for PBXNativeTarget "TwitterTests" */;
			buildPhases = (
				011DE4CA82D9D666EBBAE650 /* [CP] Check Pods Manifest.lock */,
				E919052D2AEF4C3800C1407A /* Sources */,
				E919052E2AEF4C3800C1407A /* Frameworks */,
				E919052F2AEF4C3800C1407A /* Resources */,
			);
			buildRules = (
			);
			dependencies = (
				E91905332AEF4C3800C1407A /* PBXTargetDependency */,
			);
			name = TwitterTests;
			productName = TwitterTests;
			productReference = E91905312AEF4C3800C1407A /* TwitterTests.xctest */;
			productType = "com.apple.product-type.bundle.unit-test";
		};
		E919053A2AEF4C3800C1407A /* TwitterUITests */ = {
			isa = PBXNativeTarget;
			buildConfigurationList = E919054B2AEF4C3800C1407A /* Build configuration list for PBXNativeTarget "TwitterUITests" */;
			buildPhases = (
				83978ECEBFD85F6F470E8512 /* [CP] Check Pods Manifest.lock */,
				E91905372AEF4C3800C1407A /* Sources */,
				E91905382AEF4C3800C1407A /* Frameworks */,
				E91905392AEF4C3800C1407A /* Resources */,
				029F8D5AC5A6F2E446976C92 /* [CP] Embed Pods Frameworks */,
			);
			buildRules = (
			);
			dependencies = (
				E919053D2AEF4C3800C1407A /* PBXTargetDependency */,
			);
			name = TwitterUITests;
			productName = TwitterUITests;
			productReference = E919053B2AEF4C3800C1407A /* TwitterUITests.xctest */;
			productType = "com.apple.product-type.bundle.ui-testing";
		};
/* End PBXNativeTarget section */

/* Begin PBXProject section */
		E91905192AEF4C3300C1407A /* Project object */ = {
			isa = PBXProject;
			attributes = {
				BuildIndependentTargetsInParallel = 1;
				LastSwiftUpdateCheck = 1420;
				LastUpgradeCheck = 1420;
				TargetAttributes = {
					E91905202AEF4C3400C1407A = {
						CreatedOnToolsVersion = 14.2;
					};
					E91905302AEF4C3800C1407A = {
						CreatedOnToolsVersion = 14.2;
						TestTargetID = E91905202AEF4C3400C1407A;
					};
					E919053A2AEF4C3800C1407A = {
						CreatedOnToolsVersion = 14.2;
						TestTargetID = E91905202AEF4C3400C1407A;
					};
				};
			};
			buildConfigurationList = E919051C2AEF4C3300C1407A /* Build configuration list for PBXProject "Twitter" */;
			compatibilityVersion = "Xcode 14.0";
			developmentRegion = en;
			hasScannedForEncodings = 0;
			knownRegions = (
				en,
				Base,
			);
			mainGroup = E91905182AEF4C3300C1407A;
			productRefGroup = E91905222AEF4C3400C1407A /* Products */;
			projectDirPath = "";
			projectRoot = "";
			targets = (
				E91905202AEF4C3400C1407A /* Twitter */,
				E91905302AEF4C3800C1407A /* TwitterTests */,
				E919053A2AEF4C3800C1407A /* TwitterUITests */,
			);
		};
/* End PBXProject section */

/* Begin PBXResourcesBuildPhase section */
		E919051F2AEF4C3400C1407A /* Resources */ = {
			isa = PBXResourcesBuildPhase;
			buildActionMask = 2147483647;
			files = (
				E919052C2AEF4C3700C1407A /* Preview Assets.xcassets in Resources */,
				E91905292AEF4C3700C1407A /* Assets.xcassets in Resources */,
			);
			runOnlyForDeploymentPostprocessing = 0;
		};
		E919052F2AEF4C3800C1407A /* Resources */ = {
			isa = PBXResourcesBuildPhase;
			buildActionMask = 2147483647;
			files = (
			);
			runOnlyForDeploymentPostprocessing = 0;
		};
		E91905392AEF4C3800C1407A /* Resources */ = {
			isa = PBXResourcesBuildPhase;
			buildActionMask = 2147483647;
			files = (
			);
			runOnlyForDeploymentPostprocessing = 0;
		};
/* End PBXResourcesBuildPhase section */

/* Begin PBXShellScriptBuildPhase section */
		011DE4CA82D9D666EBBAE650 /* [CP] Check Pods Manifest.lock */ = {
			isa = PBXShellScriptBuildPhase;
			buildActionMask = 2147483647;
			files = (
			);
			inputFileListPaths = (
			);
			inputPaths = (
				"${PODS_PODFILE_DIR_PATH}/Podfile.lock",
				"${PODS_ROOT}/Manifest.lock",
			);
			name = "[CP] Check Pods Manifest.lock";
			outputFileListPaths = (
			);
			outputPaths = (
				"$(DERIVED_FILE_DIR)/Pods-TwitterTests-checkManifestLockResult.txt",
			);
			runOnlyForDeploymentPostprocessing = 0;
			shellPath = /bin/sh;
			shellScript = "diff \"${PODS_PODFILE_DIR_PATH}/Podfile.lock\" \"${PODS_ROOT}/Manifest.lock\" > /dev/null\nif [ $? != 0 ] ; then\n    # print error to STDERR\n    echo \"error: The sandbox is not in sync with the Podfile.lock. Run 'pod install' or update your CocoaPods installation.\" >&2\n    exit 1\nfi\n# This output is used by Xcode 'outputs' to avoid re-running this script phase.\necho \"SUCCESS\" > \"${SCRIPT_OUTPUT_FILE_0}\"\n";
			showEnvVarsInLog = 0;
		};
		029F8D5AC5A6F2E446976C92 /* [CP] Embed Pods Frameworks */ = {
			isa = PBXShellScriptBuildPhase;
			buildActionMask = 2147483647;
			files = (
			);
			inputFileListPaths = (
				"${PODS_ROOT}/Target Support Files/Pods-Twitter-TwitterUITests/Pods-Twitter-TwitterUITests-frameworks-${CONFIGURATION}-input-files.xcfilelist",
			);
			name = "[CP] Embed Pods Frameworks";
			outputFileListPaths = (
				"${PODS_ROOT}/Target Support Files/Pods-Twitter-TwitterUITests/Pods-Twitter-TwitterUITests-frameworks-${CONFIGURATION}-output-files.xcfilelist",
			);
			runOnlyForDeploymentPostprocessing = 0;
			shellPath = /bin/sh;
			shellScript = "\"${PODS_ROOT}/Target Support Files/Pods-Twitter-TwitterUITests/Pods-Twitter-TwitterUITests-frameworks.sh\"\n";
			showEnvVarsInLog = 0;
		};
		83978ECEBFD85F6F470E8512 /* [CP] Check Pods Manifest.lock */ = {
			isa = PBXShellScriptBuildPhase;
			buildActionMask = 2147483647;
			files = (
			);
			inputFileListPaths = (
			);
			inputPaths = (
				"${PODS_PODFILE_DIR_PATH}/Podfile.lock",
				"${PODS_ROOT}/Manifest.lock",
			);
			name = "[CP] Check Pods Manifest.lock";
			outputFileListPaths = (
			);
			outputPaths = (
				"$(DERIVED_FILE_DIR)/Pods-Twitter-TwitterUITests-checkManifestLockResult.txt",
			);
			runOnlyForDeploymentPostprocessing = 0;
			shellPath = /bin/sh;
			shellScript = "diff \"${PODS_PODFILE_DIR_PATH}/Podfile.lock\" \"${PODS_ROOT}/Manifest.lock\" > /dev/null\nif [ $? != 0 ] ; then\n    # print error to STDERR\n    echo \"error: The sandbox is not in sync with the Podfile.lock. Run 'pod install' or update your CocoaPods installation.\" >&2\n    exit 1\nfi\n# This output is used by Xcode 'outputs' to avoid re-running this script phase.\necho \"SUCCESS\" > \"${SCRIPT_OUTPUT_FILE_0}\"\n";
			showEnvVarsInLog = 0;
		};
		D26D419DE5747B46C1007881 /* [CP] Check Pods Manifest.lock */ = {
			isa = PBXShellScriptBuildPhase;
			buildActionMask = 2147483647;
			files = (
			);
			inputFileListPaths = (
			);
			inputPaths = (
				"${PODS_PODFILE_DIR_PATH}/Podfile.lock",
				"${PODS_ROOT}/Manifest.lock",
			);
			name = "[CP] Check Pods Manifest.lock";
			outputFileListPaths = (
			);
			outputPaths = (
				"$(DERIVED_FILE_DIR)/Pods-Twitter-checkManifestLockResult.txt",
			);
			runOnlyForDeploymentPostprocessing = 0;
			shellPath = /bin/sh;
			shellScript = "diff \"${PODS_PODFILE_DIR_PATH}/Podfile.lock\" \"${PODS_ROOT}/Manifest.lock\" > /dev/null\nif [ $? != 0 ] ; then\n    # print error to STDERR\n    echo \"error: The sandbox is not in sync with the Podfile.lock. Run 'pod install' or update your CocoaPods installation.\" >&2\n    exit 1\nfi\n# This output is used by Xcode 'outputs' to avoid re-running this script phase.\necho \"SUCCESS\" > \"${SCRIPT_OUTPUT_FILE_0}\"\n";
			showEnvVarsInLog = 0;
		};
/* End PBXShellScriptBuildPhase section */

/* Begin PBXSourcesBuildPhase section */
		E919051D2AEF4C3400C1407A /* Sources */ = {
			isa = PBXSourcesBuildPhase;
			buildActionMask = 2147483647;
			files = (
				E91905272AEF4C3400C1407A /* ContentView.swift in Sources */,
				E91905622AEF52D900C1407A /* PostData.swift in Sources */,
				E91905252AEF4C3400C1407A /* TwitterApp.swift in Sources */,
				E91905672AEF5B1700C1407A /* Image.swift in Sources */,
				E91905692AEF76A300C1407A /* UIScreenDimensions.swift in Sources */,
				E91905582AEF4E1600C1407A /* BaseRespository.swift in Sources */,
				E919055E2AEF4EE800C1407A /* HomeView.swift in Sources */,
				E919056B2AEF941700C1407A /* PostViewDummy.swift in Sources */,
				E919056D2AEFADB100C1407A /* HomeViewModel.swift in Sources */,
				E91905602AEF523700C1407A /* MyProfileData.swift in Sources */,
				E919055A2AEF4E4A00C1407A /* BaseService.swift in Sources */,
				E91905642AEF551300C1407A /* PostView.swift in Sources */,
				E919056F2AEFBAB800C1407A /* Text.swift in Sources */,
				E91905562AEF4DD100C1407A /* BaseViewModel.swift in Sources */,
			);
			runOnlyForDeploymentPostprocessing = 0;
		};
		E919052D2AEF4C3800C1407A /* Sources */ = {
			isa = PBXSourcesBuildPhase;
			buildActionMask = 2147483647;
			files = (
				E91905362AEF4C3800C1407A /* TwitterTests.swift in Sources */,
			);
			runOnlyForDeploymentPostprocessing = 0;
		};
		E91905372AEF4C3800C1407A /* Sources */ = {
			isa = PBXSourcesBuildPhase;
			buildActionMask = 2147483647;
			files = (
				E91905422AEF4C3800C1407A /* TwitterUITestsLaunchTests.swift in Sources */,
				E91905402AEF4C3800C1407A /* TwitterUITests.swift in Sources */,
			);
			runOnlyForDeploymentPostprocessing = 0;
		};
/* End PBXSourcesBuildPhase section */

/* Begin PBXTargetDependency section */
		E91905332AEF4C3800C1407A /* PBXTargetDependency */ = {
			isa = PBXTargetDependency;
			target = E91905202AEF4C3400C1407A /* Twitter */;
			targetProxy = E91905322AEF4C3800C1407A /* PBXContainerItemProxy */;
		};
		E919053D2AEF4C3800C1407A /* PBXTargetDependency */ = {
			isa = PBXTargetDependency;
			target = E91905202AEF4C3400C1407A /* Twitter */;
			targetProxy = E919053C2AEF4C3800C1407A /* PBXContainerItemProxy */;
		};
/* End PBXTargetDependency section */

/* Begin XCBuildConfiguration section */
		E91905432AEF4C3800C1407A /* Debug */ = {
			isa = XCBuildConfiguration;
			buildSettings = {
				ALWAYS_SEARCH_USER_PATHS = NO;
				CLANG_ANALYZER_NONNULL = YES;
				CLANG_ANALYZER_NUMBER_OBJECT_CONVERSION = YES_AGGRESSIVE;
				CLANG_CXX_LANGUAGE_STANDARD = "gnu++20";
				CLANG_ENABLE_MODULES = YES;
				CLANG_ENABLE_OBJC_ARC = YES;
				CLANG_ENABLE_OBJC_WEAK = YES;
				CLANG_WARN_BLOCK_CAPTURE_AUTORELEASING = YES;
				CLANG_WARN_BOOL_CONVERSION = YES;
				CLANG_WARN_COMMA = YES;
				CLANG_WARN_CONSTANT_CONVERSION = YES;
				CLANG_WARN_DEPRECATED_OBJC_IMPLEMENTATIONS = YES;
				CLANG_WARN_DIRECT_OBJC_ISA_USAGE = YES_ERROR;
				CLANG_WARN_DOCUMENTATION_COMMENTS = YES;
				CLANG_WARN_EMPTY_BODY = YES;
				CLANG_WARN_ENUM_CONVERSION = YES;
				CLANG_WARN_INFINITE_RECURSION = YES;
				CLANG_WARN_INT_CONVERSION = YES;
				CLANG_WARN_NON_LITERAL_NULL_CONVERSION = YES;
				CLANG_WARN_OBJC_IMPLICIT_RETAIN_SELF = YES;
				CLANG_WARN_OBJC_LITERAL_CONVERSION = YES;
				CLANG_WARN_OBJC_ROOT_CLASS = YES_ERROR;
				CLANG_WARN_QUOTED_INCLUDE_IN_FRAMEWORK_HEADER = YES;
				CLANG_WARN_RANGE_LOOP_ANALYSIS = YES;
				CLANG_WARN_STRICT_PROTOTYPES = YES;
				CLANG_WARN_SUSPICIOUS_MOVE = YES;
				CLANG_WARN_UNGUARDED_AVAILABILITY = YES_AGGRESSIVE;
				CLANG_WARN_UNREACHABLE_CODE = YES;
				CLANG_WARN__DUPLICATE_METHOD_MATCH = YES;
				COPY_PHASE_STRIP = NO;
				DEBUG_INFORMATION_FORMAT = dwarf;
				ENABLE_STRICT_OBJC_MSGSEND = YES;
				ENABLE_TESTABILITY = YES;
				GCC_C_LANGUAGE_STANDARD = gnu11;
				GCC_DYNAMIC_NO_PIC = NO;
				GCC_NO_COMMON_BLOCKS = YES;
				GCC_OPTIMIZATION_LEVEL = 0;
				GCC_PREPROCESSOR_DEFINITIONS = (
					"DEBUG=1",
					"$(inherited)",
				);
				GCC_WARN_64_TO_32_BIT_CONVERSION = YES;
				GCC_WARN_ABOUT_RETURN_TYPE = YES_ERROR;
				GCC_WARN_UNDECLARED_SELECTOR = YES;
				GCC_WARN_UNINITIALIZED_AUTOS = YES_AGGRESSIVE;
				GCC_WARN_UNUSED_FUNCTION = YES;
				GCC_WARN_UNUSED_VARIABLE = YES;
				IPHONEOS_DEPLOYMENT_TARGET = 16.2;
				MTL_ENABLE_DEBUG_INFO = INCLUDE_SOURCE;
				MTL_FAST_MATH = YES;
				ONLY_ACTIVE_ARCH = YES;
				SDKROOT = iphoneos;
				SWIFT_ACTIVE_COMPILATION_CONDITIONS = DEBUG;
				SWIFT_OPTIMIZATION_LEVEL = "-Onone";
			};
			name = Debug;
		};
		E91905442AEF4C3800C1407A /* Release */ = {
			isa = XCBuildConfiguration;
			buildSettings = {
				ALWAYS_SEARCH_USER_PATHS = NO;
				CLANG_ANALYZER_NONNULL = YES;
				CLANG_ANALYZER_NUMBER_OBJECT_CONVERSION = YES_AGGRESSIVE;
				CLANG_CXX_LANGUAGE_STANDARD = "gnu++20";
				CLANG_ENABLE_MODULES = YES;
				CLANG_ENABLE_OBJC_ARC = YES;
				CLANG_ENABLE_OBJC_WEAK = YES;
				CLANG_WARN_BLOCK_CAPTURE_AUTORELEASING = YES;
				CLANG_WARN_BOOL_CONVERSION = YES;
				CLANG_WARN_COMMA = YES;
				CLANG_WARN_CONSTANT_CONVERSION = YES;
				CLANG_WARN_DEPRECATED_OBJC_IMPLEMENTATIONS = YES;
				CLANG_WARN_DIRECT_OBJC_ISA_USAGE = YES_ERROR;
				CLANG_WARN_DOCUMENTATION_COMMENTS = YES;
				CLANG_WARN_EMPTY_BODY = YES;
				CLANG_WARN_ENUM_CONVERSION = YES;
				CLANG_WARN_INFINITE_RECURSION = YES;
				CLANG_WARN_INT_CONVERSION = YES;
				CLANG_WARN_NON_LITERAL_NULL_CONVERSION = YES;
				CLANG_WARN_OBJC_IMPLICIT_RETAIN_SELF = YES;
				CLANG_WARN_OBJC_LITERAL_CONVERSION = YES;
				CLANG_WARN_OBJC_ROOT_CLASS = YES_ERROR;
				CLANG_WARN_QUOTED_INCLUDE_IN_FRAMEWORK_HEADER = YES;
				CLANG_WARN_RANGE_LOOP_ANALYSIS = YES;
				CLANG_WARN_STRICT_PROTOTYPES = YES;
				CLANG_WARN_SUSPICIOUS_MOVE = YES;
				CLANG_WARN_UNGUARDED_AVAILABILITY = YES_AGGRESSIVE;
				CLANG_WARN_UNREACHABLE_CODE = YES;
				CLANG_WARN__DUPLICATE_METHOD_MATCH = YES;
				COPY_PHASE_STRIP = NO;
				DEBUG_INFORMATION_FORMAT = "dwarf-with-dsym";
				ENABLE_NS_ASSERTIONS = NO;
				ENABLE_STRICT_OBJC_MSGSEND = YES;
				GCC_C_LANGUAGE_STANDARD = gnu11;
				GCC_NO_COMMON_BLOCKS = YES;
				GCC_WARN_64_TO_32_BIT_CONVERSION = YES;
				GCC_WARN_ABOUT_RETURN_TYPE = YES_ERROR;
				GCC_WARN_UNDECLARED_SELECTOR = YES;
				GCC_WARN_UNINITIALIZED_AUTOS = YES_AGGRESSIVE;
				GCC_WARN_UNUSED_FUNCTION = YES;
				GCC_WARN_UNUSED_VARIABLE = YES;
				IPHONEOS_DEPLOYMENT_TARGET = 16.2;
				MTL_ENABLE_DEBUG_INFO = NO;
				MTL_FAST_MATH = YES;
				SDKROOT = iphoneos;
				SWIFT_COMPILATION_MODE = wholemodule;
				SWIFT_OPTIMIZATION_LEVEL = "-O";
				VALIDATE_PRODUCT = YES;
			};
			name = Release;
		};
		E91905462AEF4C3800C1407A /* Debug */ = {
			isa = XCBuildConfiguration;
			baseConfigurationReference = 010236116AB8C2F7D4AF83DB /* Pods-Twitter.debug.xcconfig */;
			buildSettings = {
				ASSETCATALOG_COMPILER_APPICON_NAME = AppIcon;
				ASSETCATALOG_COMPILER_GLOBAL_ACCENT_COLOR_NAME = AccentColor;
				CODE_SIGN_STYLE = Automatic;
				CURRENT_PROJECT_VERSION = 1;
				DEVELOPMENT_ASSET_PATHS = "\"Twitter/Preview Content\"";
				ENABLE_PREVIEWS = YES;
				GENERATE_INFOPLIST_FILE = YES;
				INFOPLIST_KEY_UIApplicationSceneManifest_Generation = YES;
				INFOPLIST_KEY_UIApplicationSupportsIndirectInputEvents = YES;
				INFOPLIST_KEY_UILaunchScreen_Generation = YES;
				INFOPLIST_KEY_UISupportedInterfaceOrientations_iPad = "UIInterfaceOrientationPortrait UIInterfaceOrientationPortraitUpsideDown UIInterfaceOrientationLandscapeLeft UIInterfaceOrientationLandscapeRight";
				INFOPLIST_KEY_UISupportedInterfaceOrientations_iPhone = "UIInterfaceOrientationPortrait UIInterfaceOrientationLandscapeLeft UIInterfaceOrientationLandscapeRight";
				LD_RUNPATH_SEARCH_PATHS = (
					"$(inherited)",
					"@executable_path/Frameworks",
				);
				MARKETING_VERSION = 1.0;
				PRODUCT_BUNDLE_IDENTIFIER = "Mahi-Garg.Twitter";
				PRODUCT_NAME = "$(TARGET_NAME)";
				SWIFT_EMIT_LOC_STRINGS = YES;
				SWIFT_VERSION = 5.0;
				TARGETED_DEVICE_FAMILY = "1,2";
			};
			name = Debug;
		};
		E91905472AEF4C3800C1407A /* Release */ = {
			isa = XCBuildConfiguration;
			baseConfigurationReference = AADAC3C047F5EBD5E8A87760 /* Pods-Twitter.release.xcconfig */;
			buildSettings = {
				ASSETCATALOG_COMPILER_APPICON_NAME = AppIcon;
				ASSETCATALOG_COMPILER_GLOBAL_ACCENT_COLOR_NAME = AccentColor;
				CODE_SIGN_STYLE = Automatic;
				CURRENT_PROJECT_VERSION = 1;
				DEVELOPMENT_ASSET_PATHS = "\"Twitter/Preview Content\"";
				ENABLE_PREVIEWS = YES;
				GENERATE_INFOPLIST_FILE = YES;
				INFOPLIST_KEY_UIApplicationSceneManifest_Generation = YES;
				INFOPLIST_KEY_UIApplicationSupportsIndirectInputEvents = YES;
				INFOPLIST_KEY_UILaunchScreen_Generation = YES;
				INFOPLIST_KEY_UISupportedInterfaceOrientations_iPad = "UIInterfaceOrientationPortrait UIInterfaceOrientationPortraitUpsideDown UIInterfaceOrientationLandscapeLeft UIInterfaceOrientationLandscapeRight";
				INFOPLIST_KEY_UISupportedInterfaceOrientations_iPhone = "UIInterfaceOrientationPortrait UIInterfaceOrientationLandscapeLeft UIInterfaceOrientationLandscapeRight";
				LD_RUNPATH_SEARCH_PATHS = (
					"$(inherited)",
					"@executable_path/Frameworks",
				);
				MARKETING_VERSION = 1.0;
				PRODUCT_BUNDLE_IDENTIFIER = "Mahi-Garg.Twitter";
				PRODUCT_NAME = "$(TARGET_NAME)";
				SWIFT_EMIT_LOC_STRINGS = YES;
				SWIFT_VERSION = 5.0;
				TARGETED_DEVICE_FAMILY = "1,2";
			};
			name = Release;
		};
		E91905492AEF4C3800C1407A /* Debug */ = {
			isa = XCBuildConfiguration;
			baseConfigurationReference = A5B4AED7808E2ADB2402E959 /* Pods-TwitterTests.debug.xcconfig */;
			buildSettings = {
				ALWAYS_EMBED_SWIFT_STANDARD_LIBRARIES = YES;
				BUNDLE_LOADER = "$(TEST_HOST)";
				CODE_SIGN_STYLE = Automatic;
				CURRENT_PROJECT_VERSION = 1;
				GENERATE_INFOPLIST_FILE = YES;
				IPHONEOS_DEPLOYMENT_TARGET = 16.2;
				MARKETING_VERSION = 1.0;
				PRODUCT_BUNDLE_IDENTIFIER = "Mahi-Garg.TwitterTests";
				PRODUCT_NAME = "$(TARGET_NAME)";
				SWIFT_EMIT_LOC_STRINGS = NO;
				SWIFT_VERSION = 5.0;
				TARGETED_DEVICE_FAMILY = "1,2";
				TEST_HOST = "$(BUILT_PRODUCTS_DIR)/Twitter.app/$(BUNDLE_EXECUTABLE_FOLDER_PATH)/Twitter";
			};
			name = Debug;
		};
		E919054A2AEF4C3800C1407A /* Release */ = {
			isa = XCBuildConfiguration;
			baseConfigurationReference = 98211C391E36684A0B90E01B /* Pods-TwitterTests.release.xcconfig */;
			buildSettings = {
				ALWAYS_EMBED_SWIFT_STANDARD_LIBRARIES = YES;
				BUNDLE_LOADER = "$(TEST_HOST)";
				CODE_SIGN_STYLE = Automatic;
				CURRENT_PROJECT_VERSION = 1;
				GENERATE_INFOPLIST_FILE = YES;
				IPHONEOS_DEPLOYMENT_TARGET = 16.2;
				MARKETING_VERSION = 1.0;
				PRODUCT_BUNDLE_IDENTIFIER = "Mahi-Garg.TwitterTests";
				PRODUCT_NAME = "$(TARGET_NAME)";
				SWIFT_EMIT_LOC_STRINGS = NO;
				SWIFT_VERSION = 5.0;
				TARGETED_DEVICE_FAMILY = "1,2";
				TEST_HOST = "$(BUILT_PRODUCTS_DIR)/Twitter.app/$(BUNDLE_EXECUTABLE_FOLDER_PATH)/Twitter";
			};
			name = Release;
		};
		E919054C2AEF4C3800C1407A /* Debug */ = {
			isa = XCBuildConfiguration;
			baseConfigurationReference = 0E32CFD9C9C37742D8D285FF /* Pods-Twitter-TwitterUITests.debug.xcconfig */;
			buildSettings = {
				ALWAYS_EMBED_SWIFT_STANDARD_LIBRARIES = YES;
				CODE_SIGN_STYLE = Automatic;
				CURRENT_PROJECT_VERSION = 1;
				GENERATE_INFOPLIST_FILE = YES;
				MARKETING_VERSION = 1.0;
				PRODUCT_BUNDLE_IDENTIFIER = "Mahi-Garg.TwitterUITests";
				PRODUCT_NAME = "$(TARGET_NAME)";
				SWIFT_EMIT_LOC_STRINGS = NO;
				SWIFT_VERSION = 5.0;
				TARGETED_DEVICE_FAMILY = "1,2";
				TEST_TARGET_NAME = Twitter;
			};
			name = Debug;
		};
		E919054D2AEF4C3800C1407A /* Release */ = {
			isa = XCBuildConfiguration;
			baseConfigurationReference = 455CC6F74AFFF2707C436C6E /* Pods-Twitter-TwitterUITests.release.xcconfig */;
			buildSettings = {
				ALWAYS_EMBED_SWIFT_STANDARD_LIBRARIES = YES;
				CODE_SIGN_STYLE = Automatic;
				CURRENT_PROJECT_VERSION = 1;
				GENERATE_INFOPLIST_FILE = YES;
				MARKETING_VERSION = 1.0;
				PRODUCT_BUNDLE_IDENTIFIER = "Mahi-Garg.TwitterUITests";
				PRODUCT_NAME = "$(TARGET_NAME)";
				SWIFT_EMIT_LOC_STRINGS = NO;
				SWIFT_VERSION = 5.0;
				TARGETED_DEVICE_FAMILY = "1,2";
				TEST_TARGET_NAME = Twitter;
			};
			name = Release;
		};
/* End XCBuildConfiguration section */

/* Begin XCConfigurationList section */
		E919051C2AEF4C3300C1407A /* Build configuration list for PBXProject "Twitter" */ = {
			isa = XCConfigurationList;
			buildConfigurations = (
				E91905432AEF4C3800C1407A /* Debug */,
				E91905442AEF4C3800C1407A /* Release */,
			);
			defaultConfigurationIsVisible = 0;
			defaultConfigurationName = Release;
		};
		E91905452AEF4C3800C1407A /* Build configuration list for PBXNativeTarget "Twitter" */ = {
			isa = XCConfigurationList;
			buildConfigurations = (
				E91905462AEF4C3800C1407A /* Debug */,
				E91905472AEF4C3800C1407A /* Release */,
			);
			defaultConfigurationIsVisible = 0;
			defaultConfigurationName = Release;
		};
		E91905482AEF4C3800C1407A /* Build configuration list for PBXNativeTarget "TwitterTests" */ = {
			isa = XCConfigurationList;
			buildConfigurations = (
				E91905492AEF4C3800C1407A /* Debug */,
				E919054A2AEF4C3800C1407A /* Release */,
			);
			defaultConfigurationIsVisible = 0;
			defaultConfigurationName = Release;
		};
		E919054B2AEF4C3800C1407A /* Build configuration list for PBXNativeTarget "TwitterUITests" */ = {
			isa = XCConfigurationList;
			buildConfigurations = (
				E919054C2AEF4C3800C1407A /* Debug */,
				E919054D2AEF4C3800C1407A /* Release */,
			);
			defaultConfigurationIsVisible = 0;
			defaultConfigurationName = Release;
		};
/* End XCConfigurationList section */
	};
	rootObject = E91905192AEF4C3300C1407A /* Project object */;
}
